// !$*UTF8*$!
{
	archiveVersion = 1;
	classes = {
	};
	objectVersion = 46;
	objects = {

/* Begin PBXBuildFile section */
		C403EEC31825C4A400CF5F29 /* ico_120120.png in Resources */ = {isa = PBXBuildFile; fileRef = C403EEC21825C4A400CF5F29 /* ico_120120.png */; };
		C403EEC51825C51900CF5F29 /* ipad1024x768_portrait.png in Resources */ = {isa = PBXBuildFile; fileRef = C403EEC41825C51900CF5F29 /* ipad1024x768_portrait.png */; };
		C403EEC71825C57400CF5F29 /* ipad768x1024_portrait.png in Resources */ = {isa = PBXBuildFile; fileRef = C403EEC61825C57400CF5F29 /* ipad768x1024_portrait.png */; };
		C403EECA1825C5D600CF5F29 /* ipad2048x1536_portrait_3.png in Resources */ = {isa = PBXBuildFile; fileRef = C403EEC81825C5D600CF5F29 /* ipad2048x1536_portrait_3.png */; };
		C403EECB1825C5D600CF5F29 /* ipad1536x2048_portrait_3.png in Resources */ = {isa = PBXBuildFile; fileRef = C403EEC91825C5D600CF5F29 /* ipad1536x2048_portrait_3.png */; };
		C421FF1E17C9E1BC00C6BB7F /* Default-Portrait~ipad.png in Resources */ = {isa = PBXBuildFile; fileRef = C421FF1D17C9E1BC00C6BB7F /* Default-Portrait~ipad.png */; };
		C423F0551762752300E22D3F /* iphone_bg.png in Resources */ = {isa = PBXBuildFile; fileRef = C423F0451762752300E22D3F /* iphone_bg.png */; };
		C423F0561762752300E22D3F /* iphone_call_btn.png in Resources */ = {isa = PBXBuildFile; fileRef = C423F0461762752300E22D3F /* iphone_call_btn.png */; };
		C423F0571762752300E22D3F /* iphone_email_btn.png in Resources */ = {isa = PBXBuildFile; fileRef = C423F0471762752300E22D3F /* iphone_email_btn.png */; };
		C423F0581762752300E22D3F /* iphone_choose_radio.png in Resources */ = {isa = PBXBuildFile; fileRef = C423F0481762752300E22D3F /* iphone_choose_radio.png */; };
		C423F0591762752300E22D3F /* iphone_nav_bar.png in Resources */ = {isa = PBXBuildFile; fileRef = C423F0491762752300E22D3F /* iphone_nav_bar.png */; };
		C423F05A1762752300E22D3F /* iphone_now_play.png in Resources */ = {isa = PBXBuildFile; fileRef = C423F04A1762752300E22D3F /* iphone_now_play.png */; };
		C423F05B1762752300E22D3F /* iphone_played.png in Resources */ = {isa = PBXBuildFile; fileRef = C423F04B1762752300E22D3F /* iphone_played.png */; };
		C423F05C1762752300E22D3F /* iphone_sms_btn.png in Resources */ = {isa = PBXBuildFile; fileRef = C423F04C1762752300E22D3F /* iphone_sms_btn.png */; };
		C423F05D1762752300E22D3F /* iphone_stop_btn.png in Resources */ = {isa = PBXBuildFile; fileRef = C423F04D1762752300E22D3F /* iphone_stop_btn.png */; };
		C423F05E1762752300E22D3F /* logo_big.png in Resources */ = {isa = PBXBuildFile; fileRef = C423F04E1762752300E22D3F /* logo_big.png */; };
		C423F05F1762752300E22D3F /* logo_small.png in Resources */ = {isa = PBXBuildFile; fileRef = C423F04F1762752300E22D3F /* logo_small.png */; };
		C423F0601762752300E22D3F /* player_btn_bg.png in Resources */ = {isa = PBXBuildFile; fileRef = C423F0501762752300E22D3F /* player_btn_bg.png */; };
		C423F0611762752300E22D3F /* tab_bar_bg.png in Resources */ = {isa = PBXBuildFile; fileRef = C423F0511762752300E22D3F /* tab_bar_bg.png */; };
		C423F0621762752300E22D3F /* tab_bar_facebook.png in Resources */ = {isa = PBXBuildFile; fileRef = C423F0521762752300E22D3F /* tab_bar_facebook.png */; };
		C423F0631762752300E22D3F /* tab_bar_player.png in Resources */ = {isa = PBXBuildFile; fileRef = C423F0531762752300E22D3F /* tab_bar_player.png */; };
		C423F0641762752300E22D3F /* tab_bar_radia.png in Resources */ = {isa = PBXBuildFile; fileRef = C423F0541762752300E22D3F /* tab_bar_radia.png */; };
		C423F0661762764700E22D3F /* tab_bar_web.png in Resources */ = {isa = PBXBuildFile; fileRef = C423F0651762764700E22D3F /* tab_bar_web.png */; };
		C423F06B176278DB00E22D3F /* tab_bar_facebook_small.png in Resources */ = {isa = PBXBuildFile; fileRef = C423F067176278DB00E22D3F /* tab_bar_facebook_small.png */; };
		C423F06C176278DB00E22D3F /* tab_bar_player_small.png in Resources */ = {isa = PBXBuildFile; fileRef = C423F068176278DB00E22D3F /* tab_bar_player_small.png */; };
		C423F06D176278DB00E22D3F /* tab_bar_radia_small.png in Resources */ = {isa = PBXBuildFile; fileRef = C423F069176278DB00E22D3F /* tab_bar_radia_small.png */; };
		C423F06E176278DB00E22D3F /* tab_bar_web_small.png in Resources */ = {isa = PBXBuildFile; fileRef = C423F06A176278DB00E22D3F /* tab_bar_web_small.png */; };
		C423F070176279D000E22D3F /* iphone_play_btn.png in Resources */ = {isa = PBXBuildFile; fileRef = C423F06F176279D000E22D3F /* iphone_play_btn.png */; };
		C423F07B1762C98400E22D3F /* tab_bar_web_smallest.png in Resources */ = {isa = PBXBuildFile; fileRef = C423F0771762C98400E22D3F /* tab_bar_web_smallest.png */; };
		C423F07C1762C98400E22D3F /* tab_bar_radia_smallest.png in Resources */ = {isa = PBXBuildFile; fileRef = C423F0781762C98400E22D3F /* tab_bar_radia_smallest.png */; };
		C423F07D1762C98400E22D3F /* tab_bar_player_smallest.png in Resources */ = {isa = PBXBuildFile; fileRef = C423F0791762C98400E22D3F /* tab_bar_player_smallest.png */; };
		C423F07E1762C98400E22D3F /* tab_bar_facebook_smallest.png in Resources */ = {isa = PBXBuildFile; fileRef = C423F07A1762C98400E22D3F /* tab_bar_facebook_smallest.png */; };
		C423F0801762CDB000E22D3F /* tab_bar_bg_with_ico.png in Resources */ = {isa = PBXBuildFile; fileRef = C423F07F1762CDB000E22D3F /* tab_bar_bg_with_ico.png */; };
		C423F0841762D37500E22D3F /* mockup_iphone_2.jpg in Resources */ = {isa = PBXBuildFile; fileRef = C423F0821762D37500E22D3F /* mockup_iphone_2.jpg */; };
		C423F0851762D37500E22D3F /* mocup_iphone.jpg in Resources */ = {isa = PBXBuildFile; fileRef = C423F0831762D37500E22D3F /* mocup_iphone.jpg */; };
		C436A4E217DC0F4E00499736 /* Default-568h@2x.png in Resources */ = {isa = PBXBuildFile; fileRef = C436A4E117DC0F4E00499736 /* Default-568h@2x.png */; };
		C436A4E317DC0F8800499736 /* Default.png in Resources */ = {isa = PBXBuildFile; fileRef = C4B9B64517CA067C0098947F /* Default.png */; };
		C436A4E417DC0FA600499736 /* Default-Landscape~ipad.png in Resources */ = {isa = PBXBuildFile; fileRef = C421FF2117C9E21200C6BB7F /* Default-Landscape~ipad.png */; };
		C436A4F417DC1DDD00499736 /* ipad_bg.png in Resources */ = {isa = PBXBuildFile; fileRef = C436A4E517DC1DDD00499736 /* ipad_bg.png */; };
		C436A4F517DC1DDD00499736 /* ipad_call_btn.png in Resources */ = {isa = PBXBuildFile; fileRef = C436A4E617DC1DDD00499736 /* ipad_call_btn.png */; };
		C436A4F617DC1DDD00499736 /* ipad_info_ico.png in Resources */ = {isa = PBXBuildFile; fileRef = C436A4E717DC1DDD00499736 /* ipad_info_ico.png */; };
		C436A4F717DC1DDD00499736 /* ipad_logo_big.png in Resources */ = {isa = PBXBuildFile; fileRef = C436A4E817DC1DDD00499736 /* ipad_logo_big.png */; };
		C436A4F817DC1DDD00499736 /* ipad_logo_medium.png in Resources */ = {isa = PBXBuildFile; fileRef = C436A4E917DC1DDD00499736 /* ipad_logo_medium.png */; };
		C436A4F917DC1DDD00499736 /* ipad_logo_small.png in Resources */ = {isa = PBXBuildFile; fileRef = C436A4EA17DC1DDD00499736 /* ipad_logo_small.png */; };
		C436A4FA17DC1DDD00499736 /* ipad_mail_btn.png in Resources */ = {isa = PBXBuildFile; fileRef = C436A4EB17DC1DDD00499736 /* ipad_mail_btn.png */; };
		C436A4FB17DC1DDD00499736 /* ipad_nav_bar.png in Resources */ = {isa = PBXBuildFile; fileRef = C436A4EC17DC1DDD00499736 /* ipad_nav_bar.png */; };
		C436A4FC17DC1DDD00499736 /* ipad_now_play.png in Resources */ = {isa = PBXBuildFile; fileRef = C436A4ED17DC1DDD00499736 /* ipad_now_play.png */; };
		C436A4FD17DC1DDD00499736 /* ipad_play_btn.png in Resources */ = {isa = PBXBuildFile; fileRef = C436A4EE17DC1DDD00499736 /* ipad_play_btn.png */; };
		C436A4FE17DC1DDD00499736 /* ipad_played.png in Resources */ = {isa = PBXBuildFile; fileRef = C436A4EF17DC1DDD00499736 /* ipad_played.png */; };
		C436A4FF17DC1DDD00499736 /* ipad_player_bg.png in Resources */ = {isa = PBXBuildFile; fileRef = C436A4F017DC1DDD00499736 /* ipad_player_bg.png */; };
		C436A50017DC1DDD00499736 /* ipad_radio_bg.png in Resources */ = {isa = PBXBuildFile; fileRef = C436A4F117DC1DDD00499736 /* ipad_radio_bg.png */; };
		C436A50117DC1DDD00499736 /* ipad_sms_btn.png in Resources */ = {isa = PBXBuildFile; fileRef = C436A4F217DC1DDD00499736 /* ipad_sms_btn.png */; };
		C436A50217DC1DDD00499736 /* ipad_tab_bar_bg.png in Resources */ = {isa = PBXBuildFile; fileRef = C436A4F317DC1DDD00499736 /* ipad_tab_bar_bg.png */; };
		C4A95272180DC9FA00E2EA07 /* ico_152x152.png in Resources */ = {isa = PBXBuildFile; fileRef = C4A9526A180DC9FA00E2EA07 /* ico_152x152.png */; };
		C4A95273180DC9FA00E2EA07 /* ico_76x76.png in Resources */ = {isa = PBXBuildFile; fileRef = C4A9526B180DC9FA00E2EA07 /* ico_76x76.png */; };
		C4A95274180DC9FA00E2EA07 /* ico_100x100.png in Resources */ = {isa = PBXBuildFile; fileRef = C4A9526C180DC9FA00E2EA07 /* ico_100x100.png */; };
		C4A95275180DC9FA00E2EA07 /* ico_50x50.png in Resources */ = {isa = PBXBuildFile; fileRef = C4A9526D180DC9FA00E2EA07 /* ico_50x50.png */; };
		C4A95276180DC9FA00E2EA07 /* ico_60x60.png in Resources */ = {isa = PBXBuildFile; fileRef = C4A9526E180DC9FA00E2EA07 /* ico_60x60.png */; };
		C4A95277180DC9FA00E2EA07 /* ico_40x40.png in Resources */ = {isa = PBXBuildFile; fileRef = C4A9526F180DC9FA00E2EA07 /* ico_40x40.png */; };
		C4A95278180DC9FA00E2EA07 /* ico_58x58.png in Resources */ = {isa = PBXBuildFile; fileRef = C4A95270180DC9FA00E2EA07 /* ico_58x58.png */; };
		C4A95279180DC9FA00E2EA07 /* ico_29x29.png in Resources */ = {isa = PBXBuildFile; fileRef = C4A95271180DC9FA00E2EA07 /* ico_29x29.png */; };
		C4A9527B180DCA5200E2EA07 /* ico_80x80.png in Resources */ = {isa = PBXBuildFile; fileRef = C4A9527A180DCA5200E2EA07 /* ico_80x80.png */; };
		C4D1B32D17CA080F008BF652 /* Default@2x.png in Resources */ = {isa = PBXBuildFile; fileRef = C4D1B32C17CA080F008BF652 /* Default@2x.png */; };
		C4D1B32F17CA0829008BF652 /* Default-Portrait@2x~ipad.png in Resources */ = {isa = PBXBuildFile; fileRef = C4D1B32E17CA0829008BF652 /* Default-Portrait@2x~ipad.png */; };
		C4D1B33117CA083E008BF652 /* Default-Landscape@2x~ipad.png in Resources */ = {isa = PBXBuildFile; fileRef = C4D1B33017CA083E008BF652 /* Default-Landscape@2x~ipad.png */; };
		EB7E767E1C88529F002E3AE1 /* Launch Screen.storyboard in Resources */ = {isa = PBXBuildFile; fileRef = EB7E767D1C88529F002E3AE1 /* Launch Screen.storyboard */; };
		EBAA78AA1C85C9CC0034BCDD /* iAd.framework in Frameworks */ = {isa = PBXBuildFile; fileRef = EBAA78A91C85C9CC0034BCDD /* iAd.framework */; };
		F512A9C3174D661D00A07F9D /* comPlayer.m in Sources */ = {isa = PBXBuildFile; fileRef = F512A9C2174D661D00A07F9D /* comPlayer.m */; };
		F512A9CB174D66FF00A07F9D /* AudioToolbox.framework in Frameworks */ = {isa = PBXBuildFile; fileRef = F512A9C4174D66FF00A07F9D /* AudioToolbox.framework */; };
		F512A9CC174D66FF00A07F9D /* AVFoundation.framework in Frameworks */ = {isa = PBXBuildFile; fileRef = F512A9C5174D66FF00A07F9D /* AVFoundation.framework */; };
		F512A9CD174D66FF00A07F9D /* CoreFoundation.framework in Frameworks */ = {isa = PBXBuildFile; fileRef = F512A9C6174D66FF00A07F9D /* CoreFoundation.framework */; };
		F512A9CE174D66FF00A07F9D /* MediaPlayer.framework in Frameworks */ = {isa = PBXBuildFile; fileRef = F512A9C7174D66FF00A07F9D /* MediaPlayer.framework */; };
		F512A9CF174D66FF00A07F9D /* MediaToolbox.framework in Frameworks */ = {isa = PBXBuildFile; fileRef = F512A9C8174D66FF00A07F9D /* MediaToolbox.framework */; };
		F512A9D0174D66FF00A07F9D /* QuartzCore.framework in Frameworks */ = {isa = PBXBuildFile; fileRef = F512A9C9174D66FF00A07F9D /* QuartzCore.framework */; };
		F512A9D1174D66FF00A07F9D /* SystemConfiguration.framework in Frameworks */ = {isa = PBXBuildFile; fileRef = F512A9CA174D66FF00A07F9D /* SystemConfiguration.framework */; };
		F56D9037174439920095C38F /* comAppDelegate.m in Sources */ = {isa = PBXBuildFile; fileRef = F56D9021174439920095C38F /* comAppDelegate.m */; };
		F56D9040174439920095C38F /* first.png in Resources */ = {isa = PBXBuildFile; fileRef = F56D9030174439920095C38F /* first.png */; };
		F56D9041174439920095C38F /* first@2x.png in Resources */ = {isa = PBXBuildFile; fileRef = F56D9031174439920095C38F /* first@2x.png */; };
		F56D9042174439920095C38F /* main.m in Sources */ = {isa = PBXBuildFile; fileRef = F56D9032174439920095C38F /* main.m */; };
		F56D9044174439920095C38F /* second.png in Resources */ = {isa = PBXBuildFile; fileRef = F56D9035174439920095C38F /* second.png */; };
		F56D9045174439920095C38F /* second@2x.png in Resources */ = {isa = PBXBuildFile; fileRef = F56D9036174439920095C38F /* second@2x.png */; };
		F57DC40F172ECA1C00EE0DB2 /* UIKit.framework in Frameworks */ = {isa = PBXBuildFile; fileRef = F57DC40E172ECA1C00EE0DB2 /* UIKit.framework */; };
		F57DC411172ECA1C00EE0DB2 /* Foundation.framework in Frameworks */ = {isa = PBXBuildFile; fileRef = F57DC410172ECA1C00EE0DB2 /* Foundation.framework */; };
		F57DC413172ECA1C00EE0DB2 /* CoreGraphics.framework in Frameworks */ = {isa = PBXBuildFile; fileRef = F57DC412172ECA1C00EE0DB2 /* CoreGraphics.framework */; };
		F58D22BF175E89CB0005D2D5 /* comRadioSelectViewController.m in Sources */ = {isa = PBXBuildFile; fileRef = F58D22BE175E89CB0005D2D5 /* comRadioSelectViewController.m */; };
		F58D22C2175E8C190005D2D5 /* comPlayerViewController.m in Sources */ = {isa = PBXBuildFile; fileRef = F58D22C1175E8C180005D2D5 /* comPlayerViewController.m */; };
		F5A0B18B180DEE2100FEE487 /* logo_small_nav_bar.png in Resources */ = {isa = PBXBuildFile; fileRef = F5A0B18A180DEE2100FEE487 /* logo_small_nav_bar.png */; };
		F5A0B18D180DF33000FEE487 /* logo_small_nav_bar@2x.png in Resources */ = {isa = PBXBuildFile; fileRef = F5A0B18C180DF33000FEE487 /* logo_small_nav_bar@2x.png */; };
		F5BBD4F61767C2290029CFDA /* XMLReader.m in Sources */ = {isa = PBXBuildFile; fileRef = F5BBD4F51767C2290029CFDA /* XMLReader.m */; };
		F5C2200417EAE5CE000A1D4A /* Images.xcassets in Resources */ = {isa = PBXBuildFile; fileRef = F5C2200317EAE5CE000A1D4A /* Images.xcassets */; };
		F5F24655174440FC00F2D209 /* InfoPlist.strings in Resources */ = {isa = PBXBuildFile; fileRef = F5F24653174440FC00F2D209 /* InfoPlist.strings */; };
		F5F2465B1744413800F2D209 /* MainStoryboard_iPhone.storyboard in Resources */ = {isa = PBXBuildFile; fileRef = F5F246591744413800F2D209 /* MainStoryboard_iPhone.storyboard */; };
/* End PBXBuildFile section */

/* Begin PBXFileReference section */
		C403EEC21825C4A400CF5F29 /* ico_120120.png */ = {isa = PBXFileReference; lastKnownFileType = image.png; path = ico_120120.png; sourceTree = "<group>"; };
		C403EEC41825C51900CF5F29 /* ipad1024x768_portrait.png */ = {isa = PBXFileReference; lastKnownFileType = image.png; path = ipad1024x768_portrait.png; sourceTree = "<group>"; };
		C403EEC61825C57400CF5F29 /* ipad768x1024_portrait.png */ = {isa = PBXFileReference; lastKnownFileType = image.png; path = ipad768x1024_portrait.png; sourceTree = "<group>"; };
		C403EEC81825C5D600CF5F29 /* ipad2048x1536_portrait_3.png */ = {isa = PBXFileReference; lastKnownFileType = image.png; path = ipad2048x1536_portrait_3.png; sourceTree = "<group>"; };
		C403EEC91825C5D600CF5F29 /* ipad1536x2048_portrait_3.png */ = {isa = PBXFileReference; lastKnownFileType = image.png; path = ipad1536x2048_portrait_3.png; sourceTree = "<group>"; };
		C421FF1D17C9E1BC00C6BB7F /* Default-Portrait~ipad.png */ = {isa = PBXFileReference; lastKnownFileType = image.png; path = "Default-Portrait~ipad.png"; sourceTree = "<group>"; };
		C421FF2117C9E21200C6BB7F /* Default-Landscape~ipad.png */ = {isa = PBXFileReference; lastKnownFileType = image.png; path = "Default-Landscape~ipad.png"; sourceTree = "<group>"; };
		C423F0451762752300E22D3F /* iphone_bg.png */ = {isa = PBXFileReference; lastKnownFileType = image.png; path = iphone_bg.png; sourceTree = "<group>"; };
		C423F0461762752300E22D3F /* iphone_call_btn.png */ = {isa = PBXFileReference; lastKnownFileType = image.png; path = iphone_call_btn.png; sourceTree = "<group>"; };
		C423F0471762752300E22D3F /* iphone_email_btn.png */ = {isa = PBXFileReference; lastKnownFileType = image.png; path = iphone_email_btn.png; sourceTree = "<group>"; };
		C423F0481762752300E22D3F /* iphone_choose_radio.png */ = {isa = PBXFileReference; lastKnownFileType = image.png; path = iphone_choose_radio.png; sourceTree = "<group>"; };
		C423F0491762752300E22D3F /* iphone_nav_bar.png */ = {isa = PBXFileReference; lastKnownFileType = image.png; path = iphone_nav_bar.png; sourceTree = "<group>"; };
		C423F04A1762752300E22D3F /* iphone_now_play.png */ = {isa = PBXFileReference; lastKnownFileType = image.png; path = iphone_now_play.png; sourceTree = "<group>"; };
		C423F04B1762752300E22D3F /* iphone_played.png */ = {isa = PBXFileReference; lastKnownFileType = image.png; path = iphone_played.png; sourceTree = "<group>"; };
		C423F04C1762752300E22D3F /* iphone_sms_btn.png */ = {isa = PBXFileReference; lastKnownFileType = image.png; path = iphone_sms_btn.png; sourceTree = "<group>"; };
		C423F04D1762752300E22D3F /* iphone_stop_btn.png */ = {isa = PBXFileReference; lastKnownFileType = image.png; path = iphone_stop_btn.png; sourceTree = "<group>"; };
		C423F04E1762752300E22D3F /* logo_big.png */ = {isa = PBXFileReference; lastKnownFileType = image.png; path = logo_big.png; sourceTree = "<group>"; };
		C423F04F1762752300E22D3F /* logo_small.png */ = {isa = PBXFileReference; lastKnownFileType = image.png; path = logo_small.png; sourceTree = "<group>"; };
		C423F0501762752300E22D3F /* player_btn_bg.png */ = {isa = PBXFileReference; lastKnownFileType = image.png; path = player_btn_bg.png; sourceTree = "<group>"; };
		C423F0511762752300E22D3F /* tab_bar_bg.png */ = {isa = PBXFileReference; lastKnownFileType = image.png; path = tab_bar_bg.png; sourceTree = "<group>"; };
		C423F0521762752300E22D3F /* tab_bar_facebook.png */ = {isa = PBXFileReference; lastKnownFileType = image.png; path = tab_bar_facebook.png; sourceTree = "<group>"; };
		C423F0531762752300E22D3F /* tab_bar_player.png */ = {isa = PBXFileReference; lastKnownFileType = image.png; path = tab_bar_player.png; sourceTree = "<group>"; };
		C423F0541762752300E22D3F /* tab_bar_radia.png */ = {isa = PBXFileReference; lastKnownFileType = image.png; path = tab_bar_radia.png; sourceTree = "<group>"; };
		C423F0651762764700E22D3F /* tab_bar_web.png */ = {isa = PBXFileReference; lastKnownFileType = image.png; path = tab_bar_web.png; sourceTree = "<group>"; };
		C423F067176278DB00E22D3F /* tab_bar_facebook_small.png */ = {isa = PBXFileReference; lastKnownFileType = image.png; path = tab_bar_facebook_small.png; sourceTree = "<group>"; };
		C423F068176278DB00E22D3F /* tab_bar_player_small.png */ = {isa = PBXFileReference; lastKnownFileType = image.png; path = tab_bar_player_small.png; sourceTree = "<group>"; };
		C423F069176278DB00E22D3F /* tab_bar_radia_small.png */ = {isa = PBXFileReference; lastKnownFileType = image.png; path = tab_bar_radia_small.png; sourceTree = "<group>"; };
		C423F06A176278DB00E22D3F /* tab_bar_web_small.png */ = {isa = PBXFileReference; lastKnownFileType = image.png; path = tab_bar_web_small.png; sourceTree = "<group>"; };
		C423F06F176279D000E22D3F /* iphone_play_btn.png */ = {isa = PBXFileReference; lastKnownFileType = image.png; path = iphone_play_btn.png; sourceTree = "<group>"; };
		C423F0771762C98400E22D3F /* tab_bar_web_smallest.png */ = {isa = PBXFileReference; lastKnownFileType = image.png; path = tab_bar_web_smallest.png; sourceTree = "<group>"; };
		C423F0781762C98400E22D3F /* tab_bar_radia_smallest.png */ = {isa = PBXFileReference; lastKnownFileType = image.png; path = tab_bar_radia_smallest.png; sourceTree = "<group>"; };
		C423F0791762C98400E22D3F /* tab_bar_player_smallest.png */ = {isa = PBXFileReference; lastKnownFileType = image.png; path = tab_bar_player_smallest.png; sourceTree = "<group>"; };
		C423F07A1762C98400E22D3F /* tab_bar_facebook_smallest.png */ = {isa = PBXFileReference; lastKnownFileType = image.png; path = tab_bar_facebook_smallest.png; sourceTree = "<group>"; };
		C423F07F1762CDB000E22D3F /* tab_bar_bg_with_ico.png */ = {isa = PBXFileReference; lastKnownFileType = image.png; path = tab_bar_bg_with_ico.png; sourceTree = "<group>"; };
		C423F0821762D37500E22D3F /* mockup_iphone_2.jpg */ = {isa = PBXFileReference; lastKnownFileType = image.jpeg; path = mockup_iphone_2.jpg; sourceTree = "<group>"; };
		C423F0831762D37500E22D3F /* mocup_iphone.jpg */ = {isa = PBXFileReference; lastKnownFileType = image.jpeg; path = mocup_iphone.jpg; sourceTree = "<group>"; };
		C436A4E117DC0F4E00499736 /* Default-568h@2x.png */ = {isa = PBXFileReference; lastKnownFileType = image.png; path = "Default-568h@2x.png"; sourceTree = "<group>"; };
		C436A4E517DC1DDD00499736 /* ipad_bg.png */ = {isa = PBXFileReference; lastKnownFileType = image.png; path = ipad_bg.png; sourceTree = "<group>"; };
		C436A4E617DC1DDD00499736 /* ipad_call_btn.png */ = {isa = PBXFileReference; lastKnownFileType = image.png; path = ipad_call_btn.png; sourceTree = "<group>"; };
		C436A4E717DC1DDD00499736 /* ipad_info_ico.png */ = {isa = PBXFileReference; lastKnownFileType = image.png; path = ipad_info_ico.png; sourceTree = "<group>"; };
		C436A4E817DC1DDD00499736 /* ipad_logo_big.png */ = {isa = PBXFileReference; lastKnownFileType = image.png; path = ipad_logo_big.png; sourceTree = "<group>"; };
		C436A4E917DC1DDD00499736 /* ipad_logo_medium.png */ = {isa = PBXFileReference; lastKnownFileType = image.png; path = ipad_logo_medium.png; sourceTree = "<group>"; };
		C436A4EA17DC1DDD00499736 /* ipad_logo_small.png */ = {isa = PBXFileReference; lastKnownFileType = image.png; path = ipad_logo_small.png; sourceTree = "<group>"; };
		C436A4EB17DC1DDD00499736 /* ipad_mail_btn.png */ = {isa = PBXFileReference; lastKnownFileType = image.png; path = ipad_mail_btn.png; sourceTree = "<group>"; };
		C436A4EC17DC1DDD00499736 /* ipad_nav_bar.png */ = {isa = PBXFileReference; lastKnownFileType = image.png; path = ipad_nav_bar.png; sourceTree = "<group>"; };
		C436A4ED17DC1DDD00499736 /* ipad_now_play.png */ = {isa = PBXFileReference; lastKnownFileType = image.png; path = ipad_now_play.png; sourceTree = "<group>"; };
		C436A4EE17DC1DDD00499736 /* ipad_play_btn.png */ = {isa = PBXFileReference; lastKnownFileType = image.png; path = ipad_play_btn.png; sourceTree = "<group>"; };
		C436A4EF17DC1DDD00499736 /* ipad_played.png */ = {isa = PBXFileReference; lastKnownFileType = image.png; path = ipad_played.png; sourceTree = "<group>"; };
		C436A4F017DC1DDD00499736 /* ipad_player_bg.png */ = {isa = PBXFileReference; lastKnownFileType = image.png; path = ipad_player_bg.png; sourceTree = "<group>"; };
		C436A4F117DC1DDD00499736 /* ipad_radio_bg.png */ = {isa = PBXFileReference; lastKnownFileType = image.png; path = ipad_radio_bg.png; sourceTree = "<group>"; };
		C436A4F217DC1DDD00499736 /* ipad_sms_btn.png */ = {isa = PBXFileReference; lastKnownFileType = image.png; path = ipad_sms_btn.png; sourceTree = "<group>"; };
		C436A4F317DC1DDD00499736 /* ipad_tab_bar_bg.png */ = {isa = PBXFileReference; lastKnownFileType = image.png; path = ipad_tab_bar_bg.png; sourceTree = "<group>"; };
		C4A9526A180DC9FA00E2EA07 /* ico_152x152.png */ = {isa = PBXFileReference; lastKnownFileType = image.png; path = ico_152x152.png; sourceTree = "<group>"; };
		C4A9526B180DC9FA00E2EA07 /* ico_76x76.png */ = {isa = PBXFileReference; lastKnownFileType = image.png; path = ico_76x76.png; sourceTree = "<group>"; };
		C4A9526C180DC9FA00E2EA07 /* ico_100x100.png */ = {isa = PBXFileReference; lastKnownFileType = image.png; path = ico_100x100.png; sourceTree = "<group>"; };
		C4A9526D180DC9FA00E2EA07 /* ico_50x50.png */ = {isa = PBXFileReference; lastKnownFileType = image.png; path = ico_50x50.png; sourceTree = "<group>"; };
		C4A9526E180DC9FA00E2EA07 /* ico_60x60.png */ = {isa = PBXFileReference; lastKnownFileType = image.png; path = ico_60x60.png; sourceTree = "<group>"; };
		C4A9526F180DC9FA00E2EA07 /* ico_40x40.png */ = {isa = PBXFileReference; lastKnownFileType = image.png; path = ico_40x40.png; sourceTree = "<group>"; };
		C4A95270180DC9FA00E2EA07 /* ico_58x58.png */ = {isa = PBXFileReference; lastKnownFileType = image.png; path = ico_58x58.png; sourceTree = "<group>"; };
		C4A95271180DC9FA00E2EA07 /* ico_29x29.png */ = {isa = PBXFileReference; lastKnownFileType = image.png; path = ico_29x29.png; sourceTree = "<group>"; };
		C4A9527A180DCA5200E2EA07 /* ico_80x80.png */ = {isa = PBXFileReference; lastKnownFileType = image.png; path = ico_80x80.png; sourceTree = "<group>"; };
		C4B9B64517CA067C0098947F /* Default.png */ = {isa = PBXFileReference; lastKnownFileType = image.png; path = Default.png; sourceTree = "<group>"; };
		C4D1B32C17CA080F008BF652 /* Default@2x.png */ = {isa = PBXFileReference; lastKnownFileType = image.png; path = "Default@2x.png"; sourceTree = "<group>"; };
		C4D1B32E17CA0829008BF652 /* Default-Portrait@2x~ipad.png */ = {isa = PBXFileReference; lastKnownFileType = image.png; path = "Default-Portrait@2x~ipad.png"; sourceTree = "<group>"; };
		C4D1B33017CA083E008BF652 /* Default-Landscape@2x~ipad.png */ = {isa = PBXFileReference; lastKnownFileType = image.png; path = "Default-Landscape@2x~ipad.png"; sourceTree = "<group>"; };
		EB7E767D1C88529F002E3AE1 /* Launch Screen.storyboard */ = {isa = PBXFileReference; fileEncoding = 4; lastKnownFileType = file.storyboard; path = "Launch Screen.storyboard"; sourceTree = "<group>"; };
		EBAA78A91C85C9CC0034BCDD /* iAd.framework */ = {isa = PBXFileReference; lastKnownFileType = wrapper.framework; name = iAd.framework; path = System/Library/Frameworks/iAd.framework; sourceTree = SDKROOT; };
		F512A9C1174D661D00A07F9D /* comPlayer.h */ = {isa = PBXFileReference; fileEncoding = 4; lastKnownFileType = sourcecode.c.h; path = comPlayer.h; sourceTree = "<group>"; };
		F512A9C2174D661D00A07F9D /* comPlayer.m */ = {isa = PBXFileReference; fileEncoding = 4; lastKnownFileType = sourcecode.c.objc; path = comPlayer.m; sourceTree = "<group>"; };
		F512A9C4174D66FF00A07F9D /* AudioToolbox.framework */ = {isa = PBXFileReference; lastKnownFileType = wrapper.framework; name = AudioToolbox.framework; path = System/Library/Frameworks/AudioToolbox.framework; sourceTree = SDKROOT; };
		F512A9C5174D66FF00A07F9D /* AVFoundation.framework */ = {isa = PBXFileReference; lastKnownFileType = wrapper.framework; name = AVFoundation.framework; path = System/Library/Frameworks/AVFoundation.framework; sourceTree = SDKROOT; };
		F512A9C6174D66FF00A07F9D /* CoreFoundation.framework */ = {isa = PBXFileReference; lastKnownFileType = wrapper.framework; name = CoreFoundation.framework; path = System/Library/Frameworks/CoreFoundation.framework; sourceTree = SDKROOT; };
		F512A9C7174D66FF00A07F9D /* MediaPlayer.framework */ = {isa = PBXFileReference; lastKnownFileType = wrapper.framework; name = MediaPlayer.framework; path = System/Library/Frameworks/MediaPlayer.framework; sourceTree = SDKROOT; };
		F512A9C8174D66FF00A07F9D /* MediaToolbox.framework */ = {isa = PBXFileReference; lastKnownFileType = wrapper.framework; name = MediaToolbox.framework; path = System/Library/Frameworks/MediaToolbox.framework; sourceTree = SDKROOT; };
		F512A9C9174D66FF00A07F9D /* QuartzCore.framework */ = {isa = PBXFileReference; lastKnownFileType = wrapper.framework; name = QuartzCore.framework; path = System/Library/Frameworks/QuartzCore.framework; sourceTree = SDKROOT; };
		F512A9CA174D66FF00A07F9D /* SystemConfiguration.framework */ = {isa = PBXFileReference; lastKnownFileType = wrapper.framework; name = SystemConfiguration.framework; path = System/Library/Frameworks/SystemConfiguration.framework; sourceTree = SDKROOT; };
		F56D9020174439920095C38F /* comAppDelegate.h */ = {isa = PBXFileReference; fileEncoding = 4; lastKnownFileType = sourcecode.c.h; name = comAppDelegate.h; path = RadioCas/comAppDelegate.h; sourceTree = SOURCE_ROOT; };
		F56D9021174439920095C38F /* comAppDelegate.m */ = {isa = PBXFileReference; fileEncoding = 4; lastKnownFileType = sourcecode.c.objc; name = comAppDelegate.m; path = RadioCas/comAppDelegate.m; sourceTree = SOURCE_ROOT; };
		F56D9030174439920095C38F /* first.png */ = {isa = PBXFileReference; lastKnownFileType = image.png; name = first.png; path = RadioCas/first.png; sourceTree = SOURCE_ROOT; };
		F56D9031174439920095C38F /* first@2x.png */ = {isa = PBXFileReference; lastKnownFileType = image.png; name = "first@2x.png"; path = "RadioCas/first@2x.png"; sourceTree = SOURCE_ROOT; };
		F56D9032174439920095C38F /* main.m */ = {isa = PBXFileReference; fileEncoding = 4; lastKnownFileType = sourcecode.c.objc; name = main.m; path = RadioCas/main.m; sourceTree = SOURCE_ROOT; };
		F56D9035174439920095C38F /* second.png */ = {isa = PBXFileReference; lastKnownFileType = image.png; name = second.png; path = RadioCas/second.png; sourceTree = SOURCE_ROOT; };
		F56D9036174439920095C38F /* second@2x.png */ = {isa = PBXFileReference; lastKnownFileType = image.png; name = "second@2x.png"; path = "RadioCas/second@2x.png"; sourceTree = SOURCE_ROOT; };
		F57DC40B172ECA1C00EE0DB2 /* RadioCas.app */ = {isa = PBXFileReference; explicitFileType = wrapper.application; includeInIndex = 0; path = RadioCas.app; sourceTree = BUILT_PRODUCTS_DIR; };
		F57DC40E172ECA1C00EE0DB2 /* UIKit.framework */ = {isa = PBXFileReference; lastKnownFileType = wrapper.framework; name = UIKit.framework; path = System/Library/Frameworks/UIKit.framework; sourceTree = SDKROOT; };
		F57DC410172ECA1C00EE0DB2 /* Foundation.framework */ = {isa = PBXFileReference; lastKnownFileType = wrapper.framework; name = Foundation.framework; path = System/Library/Frameworks/Foundation.framework; sourceTree = SDKROOT; };
		F57DC412172ECA1C00EE0DB2 /* CoreGraphics.framework */ = {isa = PBXFileReference; lastKnownFileType = wrapper.framework; name = CoreGraphics.framework; path = System/Library/Frameworks/CoreGraphics.framework; sourceTree = SDKROOT; };
		F58D22BD175E89CB0005D2D5 /* comRadioSelectViewController.h */ = {isa = PBXFileReference; fileEncoding = 4; lastKnownFileType = sourcecode.c.h; path = comRadioSelectViewController.h; sourceTree = "<group>"; };
		F58D22BE175E89CB0005D2D5 /* comRadioSelectViewController.m */ = {isa = PBXFileReference; fileEncoding = 4; lastKnownFileType = sourcecode.c.objc; path = comRadioSelectViewController.m; sourceTree = "<group>"; };
		F58D22C0175E8C180005D2D5 /* comPlayerViewController.h */ = {isa = PBXFileReference; fileEncoding = 4; lastKnownFileType = sourcecode.c.h; path = comPlayerViewController.h; sourceTree = "<group>"; };
		F58D22C1175E8C180005D2D5 /* comPlayerViewController.m */ = {isa = PBXFileReference; fileEncoding = 4; lastKnownFileType = sourcecode.c.objc; path = comPlayerViewController.m; sourceTree = "<group>"; };
		F5A0B18A180DEE2100FEE487 /* logo_small_nav_bar.png */ = {isa = PBXFileReference; lastKnownFileType = image.png; path = logo_small_nav_bar.png; sourceTree = "<group>"; };
		F5A0B18C180DF33000FEE487 /* logo_small_nav_bar@2x.png */ = {isa = PBXFileReference; lastKnownFileType = image.png; path = "logo_small_nav_bar@2x.png"; sourceTree = "<group>"; };
		F5BBD4F41767C2290029CFDA /* XMLReader.h */ = {isa = PBXFileReference; fileEncoding = 4; lastKnownFileType = sourcecode.c.h; path = XMLReader.h; sourceTree = "<group>"; };
		F5BBD4F51767C2290029CFDA /* XMLReader.m */ = {isa = PBXFileReference; fileEncoding = 4; lastKnownFileType = sourcecode.c.objc; path = XMLReader.m; sourceTree = "<group>"; };
		F5C2200317EAE5CE000A1D4A /* Images.xcassets */ = {isa = PBXFileReference; lastKnownFileType = folder.assetcatalog; name = Images.xcassets; path = RadioCas/Images.xcassets; sourceTree = "<group>"; };
		F5C2200517EAE63E000A1D4A /* RadioCas.entitlements */ = {isa = PBXFileReference; lastKnownFileType = text.xml; path = RadioCas.entitlements; sourceTree = "<group>"; };
		F5F24654174440FC00F2D209 /* en */ = {isa = PBXFileReference; lastKnownFileType = text.plist.strings; name = en; path = RadioCas/en.lproj/InfoPlist.strings; sourceTree = SOURCE_ROOT; };
		F5F2465A1744413800F2D209 /* en */ = {isa = PBXFileReference; lastKnownFileType = file.storyboard; name = en; path = RadioCas/en.lproj/MainStoryboard_iPhone.storyboard; sourceTree = SOURCE_ROOT; };
		F5F2465C1744418F00F2D209 /* RadioCas-Info.plist */ = {isa = PBXFileReference; fileEncoding = 4; lastKnownFileType = text.plist.xml; name = "RadioCas-Info.plist"; path = "RadioCas/RadioCas-Info.plist"; sourceTree = SOURCE_ROOT; };
		F5F2465D1744418F00F2D209 /* RadioCas-Prefix.pch */ = {isa = PBXFileReference; fileEncoding = 4; lastKnownFileType = sourcecode.c.h; name = "RadioCas-Prefix.pch"; path = "RadioCas/RadioCas-Prefix.pch"; sourceTree = SOURCE_ROOT; };
/* End PBXFileReference section */

/* Begin PBXFrameworksBuildPhase section */
		F57DC408172ECA1C00EE0DB2 /* Frameworks */ = {
			isa = PBXFrameworksBuildPhase;
			buildActionMask = 2147483647;
			files = (
				EBAA78AA1C85C9CC0034BCDD /* iAd.framework in Frameworks */,
				F512A9CB174D66FF00A07F9D /* AudioToolbox.framework in Frameworks */,
				F512A9CC174D66FF00A07F9D /* AVFoundation.framework in Frameworks */,
				F512A9CD174D66FF00A07F9D /* CoreFoundation.framework in Frameworks */,
				F512A9CE174D66FF00A07F9D /* MediaPlayer.framework in Frameworks */,
				F512A9CF174D66FF00A07F9D /* MediaToolbox.framework in Frameworks */,
				F512A9D0174D66FF00A07F9D /* QuartzCore.framework in Frameworks */,
				F512A9D1174D66FF00A07F9D /* SystemConfiguration.framework in Frameworks */,
				F57DC40F172ECA1C00EE0DB2 /* UIKit.framework in Frameworks */,
				F57DC411172ECA1C00EE0DB2 /* Foundation.framework in Frameworks */,
				F57DC413172ECA1C00EE0DB2 /* CoreGraphics.framework in Frameworks */,
			);
			runOnlyForDeploymentPostprocessing = 0;
		};
/* End PBXFrameworksBuildPhase section */

/* Begin PBXGroup section */
		6309C370176106DF00F704FB /* images */ = {
			isa = PBXGroup;
			children = (
				C4A95269180DC9E800E2EA07 /* icons */,
				C4A95268180DC4FB00E2EA07 /* startscreen */,
				C423F0811762D35F00E22D3F /* screens */,
				6309C372176106EC00F704FB /* iphone */,
				6309C371176106E500F704FB /* ipad */,
			);
			name = images;
			sourceTree = "<group>";
		};
		6309C371176106E500F704FB /* ipad */ = {
			isa = PBXGroup;
			children = (
				C436A4E517DC1DDD00499736 /* ipad_bg.png */,
				C436A4E617DC1DDD00499736 /* ipad_call_btn.png */,
				C436A4E717DC1DDD00499736 /* ipad_info_ico.png */,
				C436A4E817DC1DDD00499736 /* ipad_logo_big.png */,
				C436A4E917DC1DDD00499736 /* ipad_logo_medium.png */,
				C436A4EA17DC1DDD00499736 /* ipad_logo_small.png */,
				C436A4EB17DC1DDD00499736 /* ipad_mail_btn.png */,
				C436A4EC17DC1DDD00499736 /* ipad_nav_bar.png */,
				C436A4ED17DC1DDD00499736 /* ipad_now_play.png */,
				C436A4EE17DC1DDD00499736 /* ipad_play_btn.png */,
				C436A4EF17DC1DDD00499736 /* ipad_played.png */,
				C436A4F017DC1DDD00499736 /* ipad_player_bg.png */,
				C436A4F117DC1DDD00499736 /* ipad_radio_bg.png */,
				C436A4F217DC1DDD00499736 /* ipad_sms_btn.png */,
				C436A4F317DC1DDD00499736 /* ipad_tab_bar_bg.png */,
			);
			name = ipad;
			sourceTree = "<group>";
		};
		6309C372176106EC00F704FB /* iphone */ = {
			isa = PBXGroup;
			children = (
				F5A0B18C180DF33000FEE487 /* logo_small_nav_bar@2x.png */,
				F5A0B18A180DEE2100FEE487 /* logo_small_nav_bar.png */,
				C423F07F1762CDB000E22D3F /* tab_bar_bg_with_ico.png */,
				C423F0771762C98400E22D3F /* tab_bar_web_smallest.png */,
				C423F0781762C98400E22D3F /* tab_bar_radia_smallest.png */,
				C423F0791762C98400E22D3F /* tab_bar_player_smallest.png */,
				C423F07A1762C98400E22D3F /* tab_bar_facebook_smallest.png */,
				C423F06F176279D000E22D3F /* iphone_play_btn.png */,
				C423F0451762752300E22D3F /* iphone_bg.png */,
				C423F0461762752300E22D3F /* iphone_call_btn.png */,
				C423F0471762752300E22D3F /* iphone_email_btn.png */,
				C423F0481762752300E22D3F /* iphone_choose_radio.png */,
				C423F0491762752300E22D3F /* iphone_nav_bar.png */,
				C423F04A1762752300E22D3F /* iphone_now_play.png */,
				C423F04B1762752300E22D3F /* iphone_played.png */,
				C423F04C1762752300E22D3F /* iphone_sms_btn.png */,
				C423F04D1762752300E22D3F /* iphone_stop_btn.png */,
				C423F04E1762752300E22D3F /* logo_big.png */,
				C423F04F1762752300E22D3F /* logo_small.png */,
				C423F0501762752300E22D3F /* player_btn_bg.png */,
				C423F0511762752300E22D3F /* tab_bar_bg.png */,
				C423F0521762752300E22D3F /* tab_bar_facebook.png */,
				C423F0531762752300E22D3F /* tab_bar_player.png */,
				C423F0541762752300E22D3F /* tab_bar_radia.png */,
				C423F067176278DB00E22D3F /* tab_bar_facebook_small.png */,
				C423F068176278DB00E22D3F /* tab_bar_player_small.png */,
				C423F069176278DB00E22D3F /* tab_bar_radia_small.png */,
				C423F06A176278DB00E22D3F /* tab_bar_web_small.png */,
				C423F0651762764700E22D3F /* tab_bar_web.png */,
			);
			name = iphone;
			sourceTree = "<group>";
		};
		C423F0811762D35F00E22D3F /* screens */ = {
			isa = PBXGroup;
			children = (
				C423F0821762D37500E22D3F /* mockup_iphone_2.jpg */,
				C423F0831762D37500E22D3F /* mocup_iphone.jpg */,
			);
			name = screens;
			sourceTree = "<group>";
		};
		C4A95268180DC4FB00E2EA07 /* startscreen */ = {
			isa = PBXGroup;
			children = (
				C403EEC81825C5D600CF5F29 /* ipad2048x1536_portrait_3.png */,
				C403EEC91825C5D600CF5F29 /* ipad1536x2048_portrait_3.png */,
				C403EEC61825C57400CF5F29 /* ipad768x1024_portrait.png */,
				C403EEC41825C51900CF5F29 /* ipad1024x768_portrait.png */,
				C436A4E117DC0F4E00499736 /* Default-568h@2x.png */,
				C4D1B33017CA083E008BF652 /* Default-Landscape@2x~ipad.png */,
				C4D1B32E17CA0829008BF652 /* Default-Portrait@2x~ipad.png */,
				C4D1B32C17CA080F008BF652 /* Default@2x.png */,
				C4B9B64517CA067C0098947F /* Default.png */,
				C421FF2117C9E21200C6BB7F /* Default-Landscape~ipad.png */,
				C421FF1D17C9E1BC00C6BB7F /* Default-Portrait~ipad.png */,
			);
			name = startscreen;
			sourceTree = "<group>";
		};
		C4A95269180DC9E800E2EA07 /* icons */ = {
			isa = PBXGroup;
			children = (
				C403EEC21825C4A400CF5F29 /* ico_120120.png */,
				C4A9526A180DC9FA00E2EA07 /* ico_152x152.png */,
				C4A9527A180DCA5200E2EA07 /* ico_80x80.png */,
				C4A9526B180DC9FA00E2EA07 /* ico_76x76.png */,
				C4A9526C180DC9FA00E2EA07 /* ico_100x100.png */,
				C4A9526D180DC9FA00E2EA07 /* ico_50x50.png */,
				C4A9526E180DC9FA00E2EA07 /* ico_60x60.png */,
				C4A9526F180DC9FA00E2EA07 /* ico_40x40.png */,
				C4A95270180DC9FA00E2EA07 /* ico_58x58.png */,
				C4A95271180DC9FA00E2EA07 /* ico_29x29.png */,
			);
			name = icons;
			sourceTree = "<group>";
		};
		F512A9D2174D671700A07F9D /* player */ = {
			isa = PBXGroup;
			children = (
				F512A9C1174D661D00A07F9D /* comPlayer.h */,
				F512A9C2174D661D00A07F9D /* comPlayer.m */,
			);
			name = player;
			sourceTree = "<group>";
		};
		F57DC402172ECA1C00EE0DB2 = {
			isa = PBXGroup;
			children = (
				EB7E767D1C88529F002E3AE1 /* Launch Screen.storyboard */,
				F5C2200317EAE5CE000A1D4A /* Images.xcassets */,
				6309C370176106DF00F704FB /* images */,
				F57DC414172ECA1C00EE0DB2 /* RadioCas */,
				F57DC40D172ECA1C00EE0DB2 /* Frameworks */,
				F57DC40C172ECA1C00EE0DB2 /* Products */,
			);
			sourceTree = "<group>";
		};
		F57DC40C172ECA1C00EE0DB2 /* Products */ = {
			isa = PBXGroup;
			children = (
				F57DC40B172ECA1C00EE0DB2 /* RadioCas.app */,
			);
			name = Products;
			sourceTree = "<group>";
		};
		F57DC40D172ECA1C00EE0DB2 /* Frameworks */ = {
			isa = PBXGroup;
			children = (
				EBAA78A91C85C9CC0034BCDD /* iAd.framework */,
				F512A9C4174D66FF00A07F9D /* AudioToolbox.framework */,
				F512A9C5174D66FF00A07F9D /* AVFoundation.framework */,
				F512A9C6174D66FF00A07F9D /* CoreFoundation.framework */,
				F512A9C7174D66FF00A07F9D /* MediaPlayer.framework */,
				F512A9C8174D66FF00A07F9D /* MediaToolbox.framework */,
				F512A9C9174D66FF00A07F9D /* QuartzCore.framework */,
				F512A9CA174D66FF00A07F9D /* SystemConfiguration.framework */,
				F57DC40E172ECA1C00EE0DB2 /* UIKit.framework */,
				F57DC410172ECA1C00EE0DB2 /* Foundation.framework */,
				F57DC412172ECA1C00EE0DB2 /* CoreGraphics.framework */,
			);
			name = Frameworks;
			sourceTree = "<group>";
		};
		F57DC414172ECA1C00EE0DB2 /* RadioCas */ = {
			isa = PBXGroup;
			children = (
				F5C2200517EAE63E000A1D4A /* RadioCas.entitlements */,
				F5BBD4F31767C2050029CFDA /* classes */,
				F512A9D2174D671700A07F9D /* player */,
				F5F246591744413800F2D209 /* MainStoryboard_iPhone.storyboard */,
				F56D9020174439920095C38F /* comAppDelegate.h */,
				F56D9021174439920095C38F /* comAppDelegate.m */,
				F58D22BD175E89CB0005D2D5 /* comRadioSelectViewController.h */,
				F58D22BE175E89CB0005D2D5 /* comRadioSelectViewController.m */,
				F58D22C0175E8C180005D2D5 /* comPlayerViewController.h */,
				F58D22C1175E8C180005D2D5 /* comPlayerViewController.m */,
				F56D9030174439920095C38F /* first.png */,
				F56D9031174439920095C38F /* first@2x.png */,
				F56D9035174439920095C38F /* second.png */,
				F56D9036174439920095C38F /* second@2x.png */,
				F57DC415172ECA1C00EE0DB2 /* Supporting Files */,
			);
			path = RadioCas;
			sourceTree = "<group>";
		};
		F57DC415172ECA1C00EE0DB2 /* Supporting Files */ = {
			isa = PBXGroup;
			children = (
				F5F2465C1744418F00F2D209 /* RadioCas-Info.plist */,
				F5F2465D1744418F00F2D209 /* RadioCas-Prefix.pch */,
				F5F24653174440FC00F2D209 /* InfoPlist.strings */,
				F56D9032174439920095C38F /* main.m */,
			);
			name = "Supporting Files";
			sourceTree = "<group>";
		};
		F5BBD4F31767C2050029CFDA /* classes */ = {
			isa = PBXGroup;
			children = (
				F5BBD4F41767C2290029CFDA /* XMLReader.h */,
				F5BBD4F51767C2290029CFDA /* XMLReader.m */,
			);
			name = classes;
			sourceTree = "<group>";
		};
/* End PBXGroup section */

/* Begin PBXNativeTarget section */
		F57DC40A172ECA1C00EE0DB2 /* RadioCas */ = {
			isa = PBXNativeTarget;
			buildConfigurationList = F57DC43C172ECA1C00EE0DB2 /* Build configuration list for PBXNativeTarget "RadioCas" */;
			buildPhases = (
				F57DC407172ECA1C00EE0DB2 /* Sources */,
				F57DC408172ECA1C00EE0DB2 /* Frameworks */,
				F57DC409172ECA1C00EE0DB2 /* Resources */,
			);
			buildRules = (
			);
			dependencies = (
			);
			name = RadioCas;
			productName = RadioCas;
			productReference = F57DC40B172ECA1C00EE0DB2 /* RadioCas.app */;
			productType = "com.apple.product-type.application";
		};
/* End PBXNativeTarget section */

/* Begin PBXProject section */
		F57DC403172ECA1C00EE0DB2 /* Project object */ = {
			isa = PBXProject;
			attributes = {
				CLASSPREFIX = com;
				LastUpgradeCheck = 0720;
				ORGANIZATIONNAME = digitalscope;
				TargetAttributes = {
					F57DC40A172ECA1C00EE0DB2 = {
						DevelopmentTeam = GR74KSG8M9;
					};
				};
			};
			buildConfigurationList = F57DC406172ECA1C00EE0DB2 /* Build configuration list for PBXProject "RadioCas" */;
			compatibilityVersion = "Xcode 3.2";
			developmentRegion = English;
			hasScannedForEncodings = 0;
			knownRegions = (
				en,
				cs,
			);
			mainGroup = F57DC402172ECA1C00EE0DB2;
			productRefGroup = F57DC40C172ECA1C00EE0DB2 /* Products */;
			projectDirPath = "";
			projectRoot = "";
			targets = (
				F57DC40A172ECA1C00EE0DB2 /* RadioCas */,
			);
		};
/* End PBXProject section */

/* Begin PBXResourcesBuildPhase section */
		F57DC409172ECA1C00EE0DB2 /* Resources */ = {
			isa = PBXResourcesBuildPhase;
			buildActionMask = 2147483647;
			files = (
				F56D9040174439920095C38F /* first.png in Resources */,
				F5C2200417EAE5CE000A1D4A /* Images.xcassets in Resources */,
				C403EEC51825C51900CF5F29 /* ipad1024x768_portrait.png in Resources */,
				F56D9041174439920095C38F /* first@2x.png in Resources */,
				F56D9044174439920095C38F /* second.png in Resources */,
				F56D9045174439920095C38F /* second@2x.png in Resources */,
				F5F24655174440FC00F2D209 /* InfoPlist.strings in Resources */,
				F5F2465B1744413800F2D209 /* MainStoryboard_iPhone.storyboard in Resources */,
				C4A95272180DC9FA00E2EA07 /* ico_152x152.png in Resources */,
				C403EECA1825C5D600CF5F29 /* ipad2048x1536_portrait_3.png in Resources */,
				C423F0551762752300E22D3F /* iphone_bg.png in Resources */,
				C423F0561762752300E22D3F /* iphone_call_btn.png in Resources */,
				F5A0B18D180DF33000FEE487 /* logo_small_nav_bar@2x.png in Resources */,
				F5A0B18B180DEE2100FEE487 /* logo_small_nav_bar.png in Resources */,
				C423F0571762752300E22D3F /* iphone_email_btn.png in Resources */,
				C423F0581762752300E22D3F /* iphone_choose_radio.png in Resources */,
				C403EECB1825C5D600CF5F29 /* ipad1536x2048_portrait_3.png in Resources */,
				C403EEC31825C4A400CF5F29 /* ico_120120.png in Resources */,
				C423F0591762752300E22D3F /* iphone_nav_bar.png in Resources */,
				C423F05A1762752300E22D3F /* iphone_now_play.png in Resources */,
				C423F05B1762752300E22D3F /* iphone_played.png in Resources */,
				C423F05C1762752300E22D3F /* iphone_sms_btn.png in Resources */,
				C4A95278180DC9FA00E2EA07 /* ico_58x58.png in Resources */,
				C423F05D1762752300E22D3F /* iphone_stop_btn.png in Resources */,
				C423F05E1762752300E22D3F /* logo_big.png in Resources */,
				C4A95274180DC9FA00E2EA07 /* ico_100x100.png in Resources */,
				C423F05F1762752300E22D3F /* logo_small.png in Resources */,
				C423F0601762752300E22D3F /* player_btn_bg.png in Resources */,
				C423F0611762752300E22D3F /* tab_bar_bg.png in Resources */,
				C423F0621762752300E22D3F /* tab_bar_facebook.png in Resources */,
				C423F0631762752300E22D3F /* tab_bar_player.png in Resources */,
				C423F0641762752300E22D3F /* tab_bar_radia.png in Resources */,
				C423F0661762764700E22D3F /* tab_bar_web.png in Resources */,
				C423F06B176278DB00E22D3F /* tab_bar_facebook_small.png in Resources */,
				C423F06C176278DB00E22D3F /* tab_bar_player_small.png in Resources */,
				C423F06D176278DB00E22D3F /* tab_bar_radia_small.png in Resources */,
				C423F06E176278DB00E22D3F /* tab_bar_web_small.png in Resources */,
				C423F070176279D000E22D3F /* iphone_play_btn.png in Resources */,
				C423F07B1762C98400E22D3F /* tab_bar_web_smallest.png in Resources */,
				C423F07C1762C98400E22D3F /* tab_bar_radia_smallest.png in Resources */,
				C423F07D1762C98400E22D3F /* tab_bar_player_smallest.png in Resources */,
				C4A95279180DC9FA00E2EA07 /* ico_29x29.png in Resources */,
				C423F07E1762C98400E22D3F /* tab_bar_facebook_smallest.png in Resources */,
				C423F0801762CDB000E22D3F /* tab_bar_bg_with_ico.png in Resources */,
				C423F0841762D37500E22D3F /* mockup_iphone_2.jpg in Resources */,
				C423F0851762D37500E22D3F /* mocup_iphone.jpg in Resources */,
				C4A95273180DC9FA00E2EA07 /* ico_76x76.png in Resources */,
				C421FF1E17C9E1BC00C6BB7F /* Default-Portrait~ipad.png in Resources */,
				C4D1B32D17CA080F008BF652 /* Default@2x.png in Resources */,
				C4D1B32F17CA0829008BF652 /* Default-Portrait@2x~ipad.png in Resources */,
				C4D1B33117CA083E008BF652 /* Default-Landscape@2x~ipad.png in Resources */,
				C4A9527B180DCA5200E2EA07 /* ico_80x80.png in Resources */,
				C4A95276180DC9FA00E2EA07 /* ico_60x60.png in Resources */,
				EB7E767E1C88529F002E3AE1 /* Launch Screen.storyboard in Resources */,
				C436A4E217DC0F4E00499736 /* Default-568h@2x.png in Resources */,
				C436A4E317DC0F8800499736 /* Default.png in Resources */,
				C4A95277180DC9FA00E2EA07 /* ico_40x40.png in Resources */,
				C436A4E417DC0FA600499736 /* Default-Landscape~ipad.png in Resources */,
				C436A4F417DC1DDD00499736 /* ipad_bg.png in Resources */,
				C403EEC71825C57400CF5F29 /* ipad768x1024_portrait.png in Resources */,
				C436A4F517DC1DDD00499736 /* ipad_call_btn.png in Resources */,
				C436A4F617DC1DDD00499736 /* ipad_info_ico.png in Resources */,
				C436A4F717DC1DDD00499736 /* ipad_logo_big.png in Resources */,
				C436A4F817DC1DDD00499736 /* ipad_logo_medium.png in Resources */,
				C436A4F917DC1DDD00499736 /* ipad_logo_small.png in Resources */,
				C436A4FA17DC1DDD00499736 /* ipad_mail_btn.png in Resources */,
				C436A4FB17DC1DDD00499736 /* ipad_nav_bar.png in Resources */,
				C436A4FC17DC1DDD00499736 /* ipad_now_play.png in Resources */,
				C436A4FD17DC1DDD00499736 /* ipad_play_btn.png in Resources */,
				C436A4FE17DC1DDD00499736 /* ipad_played.png in Resources */,
				C436A4FF17DC1DDD00499736 /* ipad_player_bg.png in Resources */,
				C4A95275180DC9FA00E2EA07 /* ico_50x50.png in Resources */,
				C436A50017DC1DDD00499736 /* ipad_radio_bg.png in Resources */,
				C436A50117DC1DDD00499736 /* ipad_sms_btn.png in Resources */,
				C436A50217DC1DDD00499736 /* ipad_tab_bar_bg.png in Resources */,
			);
			runOnlyForDeploymentPostprocessing = 0;
		};
/* End PBXResourcesBuildPhase section */

/* Begin PBXSourcesBuildPhase section */
		F57DC407172ECA1C00EE0DB2 /* Sources */ = {
			isa = PBXSourcesBuildPhase;
			buildActionMask = 2147483647;
			files = (
				F56D9037174439920095C38F /* comAppDelegate.m in Sources */,
				F56D9042174439920095C38F /* main.m in Sources */,
				F512A9C3174D661D00A07F9D /* comPlayer.m in Sources */,
				F58D22BF175E89CB0005D2D5 /* comRadioSelectViewController.m in Sources */,
				F58D22C2175E8C190005D2D5 /* comPlayerViewController.m in Sources */,
				F5BBD4F61767C2290029CFDA /* XMLReader.m in Sources */,
			);
			runOnlyForDeploymentPostprocessing = 0;
		};
/* End PBXSourcesBuildPhase section */

/* Begin PBXVariantGroup section */
		F5F24653174440FC00F2D209 /* InfoPlist.strings */ = {
			isa = PBXVariantGroup;
			children = (
				F5F24654174440FC00F2D209 /* en */,
			);
			name = InfoPlist.strings;
			sourceTree = "<group>";
		};
		F5F246591744413800F2D209 /* MainStoryboard_iPhone.storyboard */ = {
			isa = PBXVariantGroup;
			children = (
				F5F2465A1744413800F2D209 /* en */,
			);
			name = MainStoryboard_iPhone.storyboard;
			sourceTree = "<group>";
		};
/* End PBXVariantGroup section */

/* Begin XCBuildConfiguration section */
		F57DC43A172ECA1C00EE0DB2 /* Debug */ = {
			isa = XCBuildConfiguration;
			buildSettings = {
				ALWAYS_SEARCH_USER_PATHS = NO;
				CLANG_CXX_LANGUAGE_STANDARD = "gnu++0x";
				CLANG_CXX_LIBRARY = "libc++";
				CLANG_ENABLE_OBJC_ARC = YES;
				CLANG_WARN_CONSTANT_CONVERSION = YES;
				CLANG_WARN_EMPTY_BODY = YES;
				CLANG_WARN_ENUM_CONVERSION = YES;
				CLANG_WARN_INT_CONVERSION = YES;
				CLANG_WARN__DUPLICATE_METHOD_MATCH = YES;
				"CODE_SIGN_IDENTITY[sdk=iphoneos*]" = "iPhone Developer";
				COPY_PHASE_STRIP = NO;
				ENABLE_TESTABILITY = YES;
				GCC_C_LANGUAGE_STANDARD = gnu99;
				GCC_DYNAMIC_NO_PIC = NO;
				GCC_OPTIMIZATION_LEVEL = 0;
				GCC_PREPROCESSOR_DEFINITIONS = (
					"DEBUG=1",
					"$(inherited)",
				);
				GCC_SYMBOLS_PRIVATE_EXTERN = NO;
				GCC_WARN_ABOUT_RETURN_TYPE = YES;
				GCC_WARN_UNINITIALIZED_AUTOS = YES;
				GCC_WARN_UNUSED_VARIABLE = YES;
				IPHONEOS_DEPLOYMENT_TARGET = 8.0;
				ONLY_ACTIVE_ARCH = YES;
				SDKROOT = iphoneos;
				TARGETED_DEVICE_FAMILY = "1,2";
			};
			name = Debug;
		};
		F57DC43B172ECA1C00EE0DB2 /* Release */ = {
			isa = XCBuildConfiguration;
			buildSettings = {
				ALWAYS_SEARCH_USER_PATHS = NO;
				CLANG_CXX_LANGUAGE_STANDARD = "gnu++0x";
				CLANG_CXX_LIBRARY = "libc++";
				CLANG_ENABLE_OBJC_ARC = YES;
				CLANG_WARN_CONSTANT_CONVERSION = YES;
				CLANG_WARN_EMPTY_BODY = YES;
				CLANG_WARN_ENUM_CONVERSION = YES;
				CLANG_WARN_INT_CONVERSION = YES;
				CLANG_WARN__DUPLICATE_METHOD_MATCH = YES;
				"CODE_SIGN_IDENTITY[sdk=iphoneos*]" = "iPhone Developer";
				COPY_PHASE_STRIP = YES;
				GCC_C_LANGUAGE_STANDARD = gnu99;
				GCC_WARN_ABOUT_RETURN_TYPE = YES;
				GCC_WARN_UNINITIALIZED_AUTOS = YES;
				GCC_WARN_UNUSED_VARIABLE = YES;
				IPHONEOS_DEPLOYMENT_TARGET = 8.0;
				OTHER_CFLAGS = "-DNS_BLOCK_ASSERTIONS=1";
				SDKROOT = iphoneos;
				TARGETED_DEVICE_FAMILY = "1,2";
				VALIDATE_PRODUCT = YES;
			};
			name = Release;
		};
		F57DC43D172ECA1C00EE0DB2 /* Debug */ = {
			isa = XCBuildConfiguration;
			buildSettings = {
				ASSETCATALOG_COMPILER_APPICON_NAME = AppIcon;
				CODE_SIGN_ENTITLEMENTS = RadioCas/RadioCas.entitlements;
				CODE_SIGN_IDENTITY = "iPhone Developer";
				"CODE_SIGN_IDENTITY[sdk=iphoneos*]" = "iPhone Developer";
				GCC_PRECOMPILE_PREFIX_HEADER = YES;
				GCC_PREFIX_HEADER = "RadioCas/RadioCas-Prefix.pch";
				INFOPLIST_FILE = "$(SRCROOT)/RadioCas/RadioCas-Info.plist";
				IPHONEOS_DEPLOYMENT_TARGET = 8.0;
				PRODUCT_BUNDLE_IDENTIFIER = eu.damek.radio.RadioCas;
				PRODUCT_NAME = "$(TARGET_NAME)";
				PROVISIONING_PROFILE = "";
				TARGETED_DEVICE_FAMILY = "1,2";
				WRAPPER_EXTENSION = app;
			};
			name = Debug;
		};
		F57DC43E172ECA1C00EE0DB2 /* Release */ = {
			isa = XCBuildConfiguration;
			buildSettings = {
				ASSETCATALOG_COMPILER_APPICON_NAME = AppIcon;
				CODE_SIGN_ENTITLEMENTS = RadioCas/RadioCas.entitlements;
				CODE_SIGN_IDENTITY = "iPhone Developer";
				"CODE_SIGN_IDENTITY[sdk=iphoneos*]" = "iPhone Developer";
				GCC_PRECOMPILE_PREFIX_HEADER = YES;
				GCC_PREFIX_HEADER = "RadioCas/RadioCas-Prefix.pch";
				INFOPLIST_FILE = "$(SRCROOT)/RadioCas/RadioCas-Info.plist";
				IPHONEOS_DEPLOYMENT_TARGET = 8.0;
				PRODUCT_BUNDLE_IDENTIFIER = eu.damek.radio.RadioCas;
				PRODUCT_NAME = "$(TARGET_NAME)";
				PROVISIONING_PROFILE = "";
				TARGETED_DEVICE_FAMILY = "1,2";
				WRAPPER_EXTENSION = app;
			};
			name = Release;
		};
/* End XCBuildConfiguration section */

/* Begin XCConfigurationList section */
		F57DC406172ECA1C00EE0DB2 /* Build configuration list for PBXProject "RadioCas" */ = {
			isa = XCConfigurationList;
			buildConfigurations = (
				F57DC43A172ECA1C00EE0DB2 /* Debug */,
				F57DC43B172ECA1C00EE0DB2 /* Release */,
			);
			defaultConfigurationIsVisible = 0;
			defaultConfigurationName = Release;
		};
		F57DC43C172ECA1C00EE0DB2 /* Build configuration list for PBXNativeTarget "RadioCas" */ = {
			isa = XCConfigurationList;
			buildConfigurations = (
				F57DC43D172ECA1C00EE0DB2 /* Debug */,
				F57DC43E172ECA1C00EE0DB2 /* Release */,
			);
			defaultConfigurationIsVisible = 0;
			defaultConfigurationName = Release;
		};
/* End XCConfigurationList section */
	};
	rootObject = F57DC403172ECA1C00EE0DB2 /* Project object */;
}
